
Microsoft Visual Studio Solution File, Format Version 12.00
# Visual Studio Version 17
VisualStudioVersion = 17.0.31912.275
MinimumVisualStudioVersion = 10.0.40219.1
Project("{9A19103F-16F7-4668-BE54-9A1E7A4F7556}") = "CourseLibrary.API", "CourseLibrary.API\CourseLibrary.API.csproj", "{6C33F052-9105-4DEF-B7FD-9C3A17044083}"
EndProject
Global
	GlobalSection(SolutionConfigurationPlatforms) = preSolution
		Debug|Any CPU = Debug|Any CPU
		Release|Any CPU = Release|Any CPU
	EndGlobalSection
	GlobalSection(ProjectConfigurationPlatforms) = postSolution
		{6C33F052-9105-4DEF-B7FD-9C3A17044083}.Debug|Any CPU.ActiveCfg = Debug|Any CPU
		{6C33F052-9105-4DEF-B7FD-9C3A17044083}.Debug|Any CPU.Build.0 = Debug|Any CPU
		{6C33F052-9105-4DEF-B7FD-9C3A17044083}.Release|Any CPU.ActiveCfg = Release|Any CPU
		{6C33F052-9105-4DEF-B7FD-9C3A17044083}.Release|Any CPU.Build.0 = Release|Any CPU
	EndGlobalSection
	GlobalSection(SolutionProperties) = preSolution
		HideSolutionNode = FALSE
	EndGlobalSection
	GlobalSection(ExtensibilityGlobals) = postSolution
		SolutionGuid = {A7607650-DCEE-44F5-81B5-0BAE21FA9559}
	EndGlobalSection
EndGlobal
